
Microsoft Visual Studio Solution File, Format Version 12.00
# Visual Studio Version 16
VisualStudioVersion = 16.0.31624.102
MinimumVisualStudioVersion = 10.0.40219.1
Project("{FAE04EC0-301F-11D3-BF4B-00C04F79EFBC}") = "StringCalculator", "StringCalculator\StringCalculator.csproj", "{AEC83EEE-024A-4737-A4D6-0E48B130C6A1}"
EndProject
Project("{FAE04EC0-301F-11D3-BF4B-00C04F79EFBC}") = "StringCalculatorTests", "StringCalculatorTests\StringCalculatorTests.csproj", "{84F67548-C852-44CB-90E8-C2F300A280D8}"
EndProject
Global
	GlobalSection(SolutionConfigurationPlatforms) = preSolution
		Debug|Any CPU = Debug|Any CPU
		Release|Any CPU = Release|Any CPU
	EndGlobalSection
	GlobalSection(ProjectConfigurationPlatforms) = postSolution
		{AEC83EEE-024A-4737-A4D6-0E48B130C6A1}.Debug|Any CPU.ActiveCfg = Debug|Any CPU
		{AEC83EEE-024A-4737-A4D6-0E48B130C6A1}.Debug|Any CPU.Build.0 = Debug|Any CPU
		{AEC83EEE-024A-4737-A4D6-0E48B130C6A1}.Release|Any CPU.ActiveCfg = Release|Any CPU
		{AEC83EEE-024A-4737-A4D6-0E48B130C6A1}.Release|Any CPU.Build.0 = Release|Any CPU
		{84F67548-C852-44CB-90E8-C2F300A280D8}.Debug|Any CPU.ActiveCfg = Debug|Any CPU
		{84F67548-C852-44CB-90E8-C2F300A280D8}.Debug|Any CPU.Build.0 = Debug|Any CPU
		{84F67548-C852-44CB-90E8-C2F300A280D8}.Release|Any CPU.ActiveCfg = Release|Any CPU
		{84F67548-C852-44CB-90E8-C2F300A280D8}.Release|Any CPU.Build.0 = Release|Any CPU
	EndGlobalSection
	GlobalSection(SolutionProperties) = preSolution
		HideSolutionNode = FALSE
	EndGlobalSection
	GlobalSection(ExtensibilityGlobals) = postSolution
		SolutionGuid = {40342457-4826-4EDC-8AFB-CB82A8B17503}
	EndGlobalSection
EndGlobal
